// !$*UTF8*$!
{
	archiveVersion = 1;
	classes = {
	};
	objectVersion = 55;
	objects = {

/* Begin PBXBuildFile section */
		0F330B9F2858CEAB0011A237 /* FutureViewModel.swift in Sources */ = {isa = PBXBuildFile; fileRef = 0F330B9E2858CEAB0011A237 /* FutureViewModel.swift */; };
		0F330BA12858CEBC0011A237 /* FutureView.swift in Sources */ = {isa = PBXBuildFile; fileRef = 0F330BA02858CEBC0011A237 /* FutureView.swift */; };
		0F382B9D2858947100D68D57 /* FailView.swift in Sources */ = {isa = PBXBuildFile; fileRef = 0F382B9C2858947100D68D57 /* FailView.swift */; };
		0F382B9F2858948200D68D57 /* FailViewModel.swift in Sources */ = {isa = PBXBuildFile; fileRef = 0F382B9E2858948200D68D57 /* FailViewModel.swift */; };
		0F86F074285B28C600369D99 /* SequenceViewModel.swift in Sources */ = {isa = PBXBuildFile; fileRef = 0F86F073285B28C600369D99 /* SequenceViewModel.swift */; };
		0F86F076285B28E200369D99 /* SequenceView.swift in Sources */ = {isa = PBXBuildFile; fileRef = 0F86F075285B28E200369D99 /* SequenceView.swift */; };
		0F88E8B6285756D4008EE448 /* DelayViewModel.swift in Sources */ = {isa = PBXBuildFile; fileRef = 0F88E8B5285756D4008EE448 /* DelayViewModel.swift */; };
		0F88E8B82857573A008EE448 /* DelayView.swift in Sources */ = {isa = PBXBuildFile; fileRef = 0F88E8B72857573A008EE448 /* DelayView.swift */; };
		0F8BE61D285C72BC00AAE827 /* TimerView.swift in Sources */ = {isa = PBXBuildFile; fileRef = 0F8BE61C285C72BC00AAE827 /* TimerView.swift */; };
		0F8BE61F285C72CB00AAE827 /* TimerViewModel.swift in Sources */ = {isa = PBXBuildFile; fileRef = 0F8BE61E285C72CB00AAE827 /* TimerViewModel.swift */; };
		0FBBDB7B285728F0006C3310 /* CombineLearningApp.swift in Sources */ = {isa = PBXBuildFile; fileRef = 0FBBDB7A285728F0006C3310 /* CombineLearningApp.swift */; };
		0FBBDB7D285728F0006C3310 /* ContentView.swift in Sources */ = {isa = PBXBuildFile; fileRef = 0FBBDB7C285728F0006C3310 /* ContentView.swift */; };
		0FBBDB7F285728F2006C3310 /* Assets.xcassets in Resources */ = {isa = PBXBuildFile; fileRef = 0FBBDB7E285728F2006C3310 /* Assets.xcassets */; };
		0FBBDB82285728F2006C3310 /* Preview Assets.xcassets in Resources */ = {isa = PBXBuildFile; fileRef = 0FBBDB81285728F2006C3310 /* Preview Assets.xcassets */; };
		0FBBDB8E28572C6F006C3310 /* PublishedViewModel.swift in Sources */ = {isa = PBXBuildFile; fileRef = 0FBBDB8D28572C6F006C3310 /* PublishedViewModel.swift */; };
		0FBBDB9028572E24006C3310 /* PublishedView.swift in Sources */ = {isa = PBXBuildFile; fileRef = 0FBBDB8F28572E24006C3310 /* PublishedView.swift */; };
		0FBBDB9328573860006C3310 /* CancellableViewModel.swift in Sources */ = {isa = PBXBuildFile; fileRef = 0FBBDB9228573860006C3310 /* CancellableViewModel.swift */; };
		0FBBDB952857388C006C3310 /* CancellableView.swift in Sources */ = {isa = PBXBuildFile; fileRef = 0FBBDB942857388C006C3310 /* CancellableView.swift */; };
		0FD2013E285B1DF4000072FD /* PassthroughSubView.swift in Sources */ = {isa = PBXBuildFile; fileRef = 0FD2013D285B1DF4000072FD /* PassthroughSubView.swift */; };
		0FD20140285B1E08000072FD /* PassthroughSubViewModel.swift in Sources */ = {isa = PBXBuildFile; fileRef = 0FD2013F285B1E08000072FD /* PassthroughSubViewModel.swift */; };
		0FDEEDBE28587E3D00165988 /* EmptyViewModel.swift in Sources */ = {isa = PBXBuildFile; fileRef = 0FDEEDBD28587E3D00165988 /* EmptyViewModel.swift */; };
		0FDEEDC028587E4C00165988 /* EmptyView.swift in Sources */ = {isa = PBXBuildFile; fileRef = 0FDEEDBF28587E4C00165988 /* EmptyView.swift */; };
		0FE1E11C28577AF5001C764A /* StoreInViewModel.swift in Sources */ = {isa = PBXBuildFile; fileRef = 0FE1E11B28577AF5001C764A /* StoreInViewModel.swift */; };
		0FE1E11E28577E05001C764A /* StoreInView.swift in Sources */ = {isa = PBXBuildFile; fileRef = 0FE1E11D28577E05001C764A /* StoreInView.swift */; };
		0FF070632859C755003B840E /* DeferredFutureView.swift in Sources */ = {isa = PBXBuildFile; fileRef = 0FF070622859C755003B840E /* DeferredFutureView.swift */; };
		0FF070652859C76B003B840E /* DeferredFutureViewModel.swift in Sources */ = {isa = PBXBuildFile; fileRef = 0FF070642859C76B003B840E /* DeferredFutureViewModel.swift */; };
		0FF070682859D04C003B840E /* JustViewModel.swift in Sources */ = {isa = PBXBuildFile; fileRef = 0FF070672859D04C003B840E /* JustViewModel.swift */; };
		0FF0706A2859D05A003B840E /* JustView.swift in Sources */ = {isa = PBXBuildFile; fileRef = 0FF070692859D05A003B840E /* JustView.swift */; };
/* End PBXBuildFile section */

/* Begin PBXFileReference section */
		0F330B9E2858CEAB0011A237 /* FutureViewModel.swift */ = {isa = PBXFileReference; lastKnownFileType = sourcecode.swift; path = FutureViewModel.swift; sourceTree = "<group>"; };
		0F330BA02858CEBC0011A237 /* FutureView.swift */ = {isa = PBXFileReference; lastKnownFileType = sourcecode.swift; path = FutureView.swift; sourceTree = "<group>"; };
		0F382B9C2858947100D68D57 /* FailView.swift */ = {isa = PBXFileReference; lastKnownFileType = sourcecode.swift; path = FailView.swift; sourceTree = "<group>"; };
		0F382B9E2858948200D68D57 /* FailViewModel.swift */ = {isa = PBXFileReference; lastKnownFileType = sourcecode.swift; path = FailViewModel.swift; sourceTree = "<group>"; };
		0F86F073285B28C600369D99 /* SequenceViewModel.swift */ = {isa = PBXFileReference; lastKnownFileType = sourcecode.swift; path = SequenceViewModel.swift; sourceTree = "<group>"; };
		0F86F075285B28E200369D99 /* SequenceView.swift */ = {isa = PBXFileReference; lastKnownFileType = sourcecode.swift; path = SequenceView.swift; sourceTree = "<group>"; };
		0F88E8B5285756D4008EE448 /* DelayViewModel.swift */ = {isa = PBXFileReference; lastKnownFileType = sourcecode.swift; path = DelayViewModel.swift; sourceTree = "<group>"; };
		0F88E8B72857573A008EE448 /* DelayView.swift */ = {isa = PBXFileReference; lastKnownFileType = sourcecode.swift; path = DelayView.swift; sourceTree = "<group>"; };
		0F8BE61C285C72BC00AAE827 /* TimerView.swift */ = {isa = PBXFileReference; lastKnownFileType = sourcecode.swift; path = TimerView.swift; sourceTree = "<group>"; };
		0F8BE61E285C72CB00AAE827 /* TimerViewModel.swift */ = {isa = PBXFileReference; lastKnownFileType = sourcecode.swift; path = TimerViewModel.swift; sourceTree = "<group>"; };
		0FBBDB77285728F0006C3310 /* CombineLearning.app */ = {isa = PBXFileReference; explicitFileType = wrapper.application; includeInIndex = 0; path = CombineLearning.app; sourceTree = BUILT_PRODUCTS_DIR; };
		0FBBDB7A285728F0006C3310 /* CombineLearningApp.swift */ = {isa = PBXFileReference; lastKnownFileType = sourcecode.swift; path = CombineLearningApp.swift; sourceTree = "<group>"; };
		0FBBDB7C285728F0006C3310 /* ContentView.swift */ = {isa = PBXFileReference; lastKnownFileType = sourcecode.swift; path = ContentView.swift; sourceTree = "<group>"; };
		0FBBDB7E285728F2006C3310 /* Assets.xcassets */ = {isa = PBXFileReference; lastKnownFileType = folder.assetcatalog; path = Assets.xcassets; sourceTree = "<group>"; };
		0FBBDB81285728F2006C3310 /* Preview Assets.xcassets */ = {isa = PBXFileReference; lastKnownFileType = folder.assetcatalog; path = "Preview Assets.xcassets"; sourceTree = "<group>"; };
		0FBBDB8D28572C6F006C3310 /* PublishedViewModel.swift */ = {isa = PBXFileReference; lastKnownFileType = sourcecode.swift; path = PublishedViewModel.swift; sourceTree = "<group>"; };
		0FBBDB8F28572E24006C3310 /* PublishedView.swift */ = {isa = PBXFileReference; lastKnownFileType = sourcecode.swift; path = PublishedView.swift; sourceTree = "<group>"; };
		0FBBDB9228573860006C3310 /* CancellableViewModel.swift */ = {isa = PBXFileReference; lastKnownFileType = sourcecode.swift; path = CancellableViewModel.swift; sourceTree = "<group>"; };
		0FBBDB942857388C006C3310 /* CancellableView.swift */ = {isa = PBXFileReference; lastKnownFileType = sourcecode.swift; path = CancellableView.swift; sourceTree = "<group>"; };
		0FD2013D285B1DF4000072FD /* PassthroughSubView.swift */ = {isa = PBXFileReference; lastKnownFileType = sourcecode.swift; path = PassthroughSubView.swift; sourceTree = "<group>"; };
		0FD2013F285B1E08000072FD /* PassthroughSubViewModel.swift */ = {isa = PBXFileReference; lastKnownFileType = sourcecode.swift; path = PassthroughSubViewModel.swift; sourceTree = "<group>"; };
		0FDEEDBD28587E3D00165988 /* EmptyViewModel.swift */ = {isa = PBXFileReference; lastKnownFileType = sourcecode.swift; path = EmptyViewModel.swift; sourceTree = "<group>"; };
		0FDEEDBF28587E4C00165988 /* EmptyView.swift */ = {isa = PBXFileReference; lastKnownFileType = sourcecode.swift; path = EmptyView.swift; sourceTree = "<group>"; };
		0FE1E11B28577AF5001C764A /* StoreInViewModel.swift */ = {isa = PBXFileReference; lastKnownFileType = sourcecode.swift; path = StoreInViewModel.swift; sourceTree = "<group>"; };
		0FE1E11D28577E05001C764A /* StoreInView.swift */ = {isa = PBXFileReference; lastKnownFileType = sourcecode.swift; path = StoreInView.swift; sourceTree = "<group>"; };
		0FF070622859C755003B840E /* DeferredFutureView.swift */ = {isa = PBXFileReference; lastKnownFileType = sourcecode.swift; path = DeferredFutureView.swift; sourceTree = "<group>"; };
		0FF070642859C76B003B840E /* DeferredFutureViewModel.swift */ = {isa = PBXFileReference; lastKnownFileType = sourcecode.swift; path = DeferredFutureViewModel.swift; sourceTree = "<group>"; };
		0FF070672859D04C003B840E /* JustViewModel.swift */ = {isa = PBXFileReference; lastKnownFileType = sourcecode.swift; path = JustViewModel.swift; sourceTree = "<group>"; };
		0FF070692859D05A003B840E /* JustView.swift */ = {isa = PBXFileReference; lastKnownFileType = sourcecode.swift; path = JustView.swift; sourceTree = "<group>"; };
/* End PBXFileReference section */

/* Begin PBXFrameworksBuildPhase section */
		0FBBDB74285728F0006C3310 /* Frameworks */ = {
			isa = PBXFrameworksBuildPhase;
			buildActionMask = 2147483647;
			files = (
			);
			runOnlyForDeploymentPostprocessing = 0;
		};
/* End PBXFrameworksBuildPhase section */

/* Begin PBXGroup section */
		0F330BA22858CEC20011A237 /* Future */ = {
			isa = PBXGroup;
			children = (
				0F330B9E2858CEAB0011A237 /* FutureViewModel.swift */,
				0F330BA02858CEBC0011A237 /* FutureView.swift */,
				0FF070642859C76B003B840E /* DeferredFutureViewModel.swift */,
				0FF070622859C755003B840E /* DeferredFutureView.swift */,
			);
			path = Future;
			sourceTree = "<group>";
		};
		0F382B9B2858945800D68D57 /* Fail */ = {
			isa = PBXGroup;
			children = (
				0F382B9E2858948200D68D57 /* FailViewModel.swift */,
				0F382B9C2858947100D68D57 /* FailView.swift */,
			);
			path = Fail;
			sourceTree = "<group>";
		};
		0F46074F285754260011C61D /* DelayOperator */ = {
			isa = PBXGroup;
			children = (
				0F88E8B5285756D4008EE448 /* DelayViewModel.swift */,
				0F88E8B72857573A008EE448 /* DelayView.swift */,
			);
			path = DelayOperator;
			sourceTree = "<group>";
		};
		0F86F072285B289D00369D99 /* Sequence */ = {
			isa = PBXGroup;
			children = (
				0F86F073285B28C600369D99 /* SequenceViewModel.swift */,
				0F86F075285B28E200369D99 /* SequenceView.swift */,
			);
			path = Sequence;
			sourceTree = "<group>";
		};
		0F8BE61B285C726D00AAE827 /* Timer */ = {
			isa = PBXGroup;
			children = (
				0F8BE61E285C72CB00AAE827 /* TimerViewModel.swift */,
				0F8BE61C285C72BC00AAE827 /* TimerView.swift */,
			);
			path = Timer;
			sourceTree = "<group>";
		};
		0FBBDB6E285728F0006C3310 = {
			isa = PBXGroup;
			children = (
				0FBBDB79285728F0006C3310 /* CombineLearning */,
				0FBBDB78285728F0006C3310 /* Products */,
			);
			sourceTree = "<group>";
		};
		0FBBDB78285728F0006C3310 /* Products */ = {
			isa = PBXGroup;
			children = (
				0FBBDB77285728F0006C3310 /* CombineLearning.app */,
			);
			name = Products;
			sourceTree = "<group>";
		};
		0FBBDB79285728F0006C3310 /* CombineLearning */ = {
			isa = PBXGroup;
			children = (
				0FBBDB7A285728F0006C3310 /* CombineLearningApp.swift */,
				0FBBDB7C285728F0006C3310 /* ContentView.swift */,
				0FBBDB8828572B12006C3310 /* Publisher */,
				0FBBDB8928572B2C006C3310 /* Operator */,
				0FBBDB8A28572B46006C3310 /* Subscriber */,
				0FBBDB7E285728F2006C3310 /* Assets.xcassets */,
				0FBBDB80285728F2006C3310 /* Preview Content */,
			);
			path = CombineLearning;
			sourceTree = "<group>";
		};
		0FBBDB80285728F2006C3310 /* Preview Content */ = {
			isa = PBXGroup;
			children = (
				0FBBDB81285728F2006C3310 /* Preview Assets.xcassets */,
			);
			path = "Preview Content";
			sourceTree = "<group>";
		};
		0FBBDB8828572B12006C3310 /* Publisher */ = {
			isa = PBXGroup;
			children = (
				0FDEEDB628587AE200165988 /* @Published */,
				0FDEEDBC28587E0400165988 /* Empty */,
				0F382B9B2858945800D68D57 /* Fail */,
				0F330BA22858CEC20011A237 /* Future */,
				0FF070662859D035003B840E /* Just */,
				0FD2013C285B1DBD000072FD /* PassthroughSubject */,
				0F86F072285B289D00369D99 /* Sequence */,
				0F8BE61B285C726D00AAE827 /* Timer */,
			);
			path = Publisher;
			sourceTree = "<group>";
		};
		0FBBDB8928572B2C006C3310 /* Operator */ = {
			isa = PBXGroup;
			children = (
			);
			path = Operator;
			sourceTree = "<group>";
		};
		0FBBDB8A28572B46006C3310 /* Subscriber */ = {
			isa = PBXGroup;
			children = (
			);
			path = Subscriber;
			sourceTree = "<group>";
		};
		0FBBDB8B28572B5F006C3310 /* Published */ = {
			isa = PBXGroup;
			children = (
				0FBBDB8D28572C6F006C3310 /* PublishedViewModel.swift */,
				0FBBDB8F28572E24006C3310 /* PublishedView.swift */,
			);
			path = Published;
			sourceTree = "<group>";
		};
		0FBBDB912857382D006C3310 /* Cancellable */ = {
			isa = PBXGroup;
			children = (
				0FBBDB9228573860006C3310 /* CancellableViewModel.swift */,
				0FBBDB942857388C006C3310 /* CancellableView.swift */,
			);
			path = Cancellable;
			sourceTree = "<group>";
		};
		0FD2013C285B1DBD000072FD /* PassthroughSubject */ = {
			isa = PBXGroup;
			children = (
				0FD2013F285B1E08000072FD /* PassthroughSubViewModel.swift */,
				0FD2013D285B1DF4000072FD /* PassthroughSubView.swift */,
			);
			path = PassthroughSubject;
			sourceTree = "<group>";
		};
		0FDEEDB628587AE200165988 /* @Published */ = {
			isa = PBXGroup;
			children = (
				0FBBDB8B28572B5F006C3310 /* Published */,
				0FBBDB912857382D006C3310 /* Cancellable */,
				0F46074F285754260011C61D /* DelayOperator */,
				0FE1E11A28577A93001C764A /* MultipleCancelling */,
			);
			path = "@Published";
			sourceTree = "<group>";
		};
		0FDEEDBC28587E0400165988 /* Empty */ = {
			isa = PBXGroup;
			children = (
				0FDEEDBD28587E3D00165988 /* EmptyViewModel.swift */,
				0FDEEDBF28587E4C00165988 /* EmptyView.swift */,
			);
			path = Empty;
			sourceTree = "<group>";
		};
		0FE1E11A28577A93001C764A /* MultipleCancelling */ = {
			isa = PBXGroup;
			children = (
				0FE1E11B28577AF5001C764A /* StoreInViewModel.swift */,
				0FE1E11D28577E05001C764A /* StoreInView.swift */,
			);
			path = MultipleCancelling;
			sourceTree = "<group>";
		};
		0FF070662859D035003B840E /* Just */ = {
			isa = PBXGroup;
			children = (
				0FF070672859D04C003B840E /* JustViewModel.swift */,
				0FF070692859D05A003B840E /* JustView.swift */,
			);
			path = Just;
			sourceTree = "<group>";
		};
/* End PBXGroup section */

/* Begin PBXNativeTarget section */
		0FBBDB76285728F0006C3310 /* CombineLearning */ = {
			isa = PBXNativeTarget;
			buildConfigurationList = 0FBBDB85285728F2006C3310 /* Build configuration list for PBXNativeTarget "CombineLearning" */;
			buildPhases = (
				0FBBDB73285728F0006C3310 /* Sources */,
				0FBBDB74285728F0006C3310 /* Frameworks */,
				0FBBDB75285728F0006C3310 /* Resources */,
			);
			buildRules = (
			);
			dependencies = (
			);
			name = CombineLearning;
			productName = CombineLearning;
			productReference = 0FBBDB77285728F0006C3310 /* CombineLearning.app */;
			productType = "com.apple.product-type.application";
		};
/* End PBXNativeTarget section */

/* Begin PBXProject section */
		0FBBDB6F285728F0006C3310 /* Project object */ = {
			isa = PBXProject;
			attributes = {
				BuildIndependentTargetsInParallel = 1;
				LastSwiftUpdateCheck = 1340;
				LastUpgradeCheck = 1340;
				TargetAttributes = {
					0FBBDB76285728F0006C3310 = {
						CreatedOnToolsVersion = 13.4.1;
					};
				};
			};
			buildConfigurationList = 0FBBDB72285728F0006C3310 /* Build configuration list for PBXProject "CombineLearning" */;
			compatibilityVersion = "Xcode 13.0";
			developmentRegion = en;
			hasScannedForEncodings = 0;
			knownRegions = (
				en,
				Base,
			);
			mainGroup = 0FBBDB6E285728F0006C3310;
			productRefGroup = 0FBBDB78285728F0006C3310 /* Products */;
			projectDirPath = "";
			projectRoot = "";
			targets = (
				0FBBDB76285728F0006C3310 /* CombineLearning */,
			);
		};
/* End PBXProject section */

/* Begin PBXResourcesBuildPhase section */
		0FBBDB75285728F0006C3310 /* Resources */ = {
			isa = PBXResourcesBuildPhase;
			buildActionMask = 2147483647;
			files = (
				0FBBDB82285728F2006C3310 /* Preview Assets.xcassets in Resources */,
				0FBBDB7F285728F2006C3310 /* Assets.xcassets in Resources */,
			);
			runOnlyForDeploymentPostprocessing = 0;
		};
/* End PBXResourcesBuildPhase section */

/* Begin PBXSourcesBuildPhase section */
		0FBBDB73285728F0006C3310 /* Sources */ = {
			isa = PBXSourcesBuildPhase;
			buildActionMask = 2147483647;
			files = (
				0F88E8B6285756D4008EE448 /* DelayViewModel.swift in Sources */,
				0F330BA12858CEBC0011A237 /* FutureView.swift in Sources */,
				0FBBDB9328573860006C3310 /* CancellableViewModel.swift in Sources */,
				0FE1E11C28577AF5001C764A /* StoreInViewModel.swift in Sources */,
				0FE1E11E28577E05001C764A /* StoreInView.swift in Sources */,
				0FD2013E285B1DF4000072FD /* PassthroughSubView.swift in Sources */,
				0FDEEDC028587E4C00165988 /* EmptyView.swift in Sources */,
				0FDEEDBE28587E3D00165988 /* EmptyViewModel.swift in Sources */,
				0FBBDB952857388C006C3310 /* CancellableView.swift in Sources */,
				0FBBDB7D285728F0006C3310 /* ContentView.swift in Sources */,
				0F8BE61D285C72BC00AAE827 /* TimerView.swift in Sources */,
				0FD20140285B1E08000072FD /* PassthroughSubViewModel.swift in Sources */,
				0FBBDB8E28572C6F006C3310 /* PublishedViewModel.swift in Sources */,
				0FF070682859D04C003B840E /* JustViewModel.swift in Sources */,
				0FF070652859C76B003B840E /* DeferredFutureViewModel.swift in Sources */,
				0FBBDB9028572E24006C3310 /* PublishedView.swift in Sources */,
				0F8BE61F285C72CB00AAE827 /* TimerViewModel.swift in Sources */,
				0F88E8B82857573A008EE448 /* DelayView.swift in Sources */,
				0FBBDB7B285728F0006C3310 /* CombineLearningApp.swift in Sources */,
				0F86F076285B28E200369D99 /* SequenceView.swift in Sources */,
				0F382B9F2858948200D68D57 /* FailViewModel.swift in Sources */,
				0F86F074285B28C600369D99 /* SequenceViewModel.swift in Sources */,
				0F382B9D2858947100D68D57 /* FailView.swift in Sources */,
				0F330B9F2858CEAB0011A237 /* FutureViewModel.swift in Sources */,
				0FF0706A2859D05A003B840E /* JustView.swift in Sources */,
				0FF070632859C755003B840E /* DeferredFutureView.swift in Sources */,
			);
			runOnlyForDeploymentPostprocessing = 0;
		};
/* End PBXSourcesBuildPhase section */

/* Begin XCBuildConfiguration section */
		0FBBDB83285728F2006C3310 /* Debug */ = {
			isa = XCBuildConfiguration;
			buildSettings = {
				ALWAYS_SEARCH_USER_PATHS = NO;
				CLANG_ANALYZER_NONNULL = YES;
				CLANG_ANALYZER_NUMBER_OBJECT_CONVERSION = YES_AGGRESSIVE;
				CLANG_CXX_LANGUAGE_STANDARD = "gnu++17";
				CLANG_ENABLE_MODULES = YES;
				CLANG_ENABLE_OBJC_ARC = YES;
				CLANG_ENABLE_OBJC_WEAK = YES;
				CLANG_WARN_BLOCK_CAPTURE_AUTORELEASING = YES;
				CLANG_WARN_BOOL_CONVERSION = YES;
				CLANG_WARN_COMMA = YES;
				CLANG_WARN_CONSTANT_CONVERSION = YES;
				CLANG_WARN_DEPRECATED_OBJC_IMPLEMENTATIONS = YES;
				CLANG_WARN_DIRECT_OBJC_ISA_USAGE = YES_ERROR;
				CLANG_WARN_DOCUMENTATION_COMMENTS = YES;
				CLANG_WARN_EMPTY_BODY = YES;
				CLANG_WARN_ENUM_CONVERSION = YES;
				CLANG_WARN_INFINITE_RECURSION = YES;
				CLANG_WARN_INT_CONVERSION = YES;
				CLANG_WARN_NON_LITERAL_NULL_CONVERSION = YES;
				CLANG_WARN_OBJC_IMPLICIT_RETAIN_SELF = YES;
				CLANG_WARN_OBJC_LITERAL_CONVERSION = YES;
				CLANG_WARN_OBJC_ROOT_CLASS = YES_ERROR;
				CLANG_WARN_QUOTED_INCLUDE_IN_FRAMEWORK_HEADER = YES;
				CLANG_WARN_RANGE_LOOP_ANALYSIS = YES;
				CLANG_WARN_STRICT_PROTOTYPES = YES;
				CLANG_WARN_SUSPICIOUS_MOVE = YES;
				CLANG_WARN_UNGUARDED_AVAILABILITY = YES_AGGRESSIVE;
				CLANG_WARN_UNREACHABLE_CODE = YES;
				CLANG_WARN__DUPLICATE_METHOD_MATCH = YES;
				COPY_PHASE_STRIP = NO;
				DEBUG_INFORMATION_FORMAT = dwarf;
				ENABLE_STRICT_OBJC_MSGSEND = YES;
				ENABLE_TESTABILITY = YES;
				GCC_C_LANGUAGE_STANDARD = gnu11;
				GCC_DYNAMIC_NO_PIC = NO;
				GCC_NO_COMMON_BLOCKS = YES;
				GCC_OPTIMIZATION_LEVEL = 0;
				GCC_PREPROCESSOR_DEFINITIONS = (
					"DEBUG=1",
					"$(inherited)",
				);
				GCC_WARN_64_TO_32_BIT_CONVERSION = YES;
				GCC_WARN_ABOUT_RETURN_TYPE = YES_ERROR;
				GCC_WARN_UNDECLARED_SELECTOR = YES;
				GCC_WARN_UNINITIALIZED_AUTOS = YES_AGGRESSIVE;
				GCC_WARN_UNUSED_FUNCTION = YES;
				GCC_WARN_UNUSED_VARIABLE = YES;
				IPHONEOS_DEPLOYMENT_TARGET = 15.5;
				MTL_ENABLE_DEBUG_INFO = INCLUDE_SOURCE;
				MTL_FAST_MATH = YES;
				ONLY_ACTIVE_ARCH = YES;
				SDKROOT = iphoneos;
				SWIFT_ACTIVE_COMPILATION_CONDITIONS = DEBUG;
				SWIFT_OPTIMIZATION_LEVEL = "-Onone";
			};
			name = Debug;
		};
		0FBBDB84285728F2006C3310 /* Release */ = {
			isa = XCBuildConfiguration;
			buildSettings = {
				ALWAYS_SEARCH_USER_PATHS = NO;
				CLANG_ANALYZER_NONNULL = YES;
				CLANG_ANALYZER_NUMBER_OBJECT_CONVERSION = YES_AGGRESSIVE;
				CLANG_CXX_LANGUAGE_STANDARD = "gnu++17";
				CLANG_ENABLE_MODULES = YES;
				CLANG_ENABLE_OBJC_ARC = YES;
				CLANG_ENABLE_OBJC_WEAK = YES;
				CLANG_WARN_BLOCK_CAPTURE_AUTORELEASING = YES;
				CLANG_WARN_BOOL_CONVERSION = YES;
				CLANG_WARN_COMMA = YES;
				CLANG_WARN_CONSTANT_CONVERSION = YES;
				CLANG_WARN_DEPRECATED_OBJC_IMPLEMENTATIONS = YES;
				CLANG_WARN_DIRECT_OBJC_ISA_USAGE = YES_ERROR;
				CLANG_WARN_DOCUMENTATION_COMMENTS = YES;
				CLANG_WARN_EMPTY_BODY = YES;
				CLANG_WARN_ENUM_CONVERSION = YES;
				CLANG_WARN_INFINITE_RECURSION = YES;
				CLANG_WARN_INT_CONVERSION = YES;
				CLANG_WARN_NON_LITERAL_NULL_CONVERSION = YES;
				CLANG_WARN_OBJC_IMPLICIT_RETAIN_SELF = YES;
				CLANG_WARN_OBJC_LITERAL_CONVERSION = YES;
				CLANG_WARN_OBJC_ROOT_CLASS = YES_ERROR;
				CLANG_WARN_QUOTED_INCLUDE_IN_FRAMEWORK_HEADER = YES;
				CLANG_WARN_RANGE_LOOP_ANALYSIS = YES;
				CLANG_WARN_STRICT_PROTOTYPES = YES;
				CLANG_WARN_SUSPICIOUS_MOVE = YES;
				CLANG_WARN_UNGUARDED_AVAILABILITY = YES_AGGRESSIVE;
				CLANG_WARN_UNREACHABLE_CODE = YES;
				CLANG_WARN__DUPLICATE_METHOD_MATCH = YES;
				COPY_PHASE_STRIP = NO;
				DEBUG_INFORMATION_FORMAT = "dwarf-with-dsym";
				ENABLE_NS_ASSERTIONS = NO;
				ENABLE_STRICT_OBJC_MSGSEND = YES;
				GCC_C_LANGUAGE_STANDARD = gnu11;
				GCC_NO_COMMON_BLOCKS = YES;
				GCC_WARN_64_TO_32_BIT_CONVERSION = YES;
				GCC_WARN_ABOUT_RETURN_TYPE = YES_ERROR;
				GCC_WARN_UNDECLARED_SELECTOR = YES;
				GCC_WARN_UNINITIALIZED_AUTOS = YES_AGGRESSIVE;
				GCC_WARN_UNUSED_FUNCTION = YES;
				GCC_WARN_UNUSED_VARIABLE = YES;
				IPHONEOS_DEPLOYMENT_TARGET = 15.5;
				MTL_ENABLE_DEBUG_INFO = NO;
				MTL_FAST_MATH = YES;
				SDKROOT = iphoneos;
				SWIFT_COMPILATION_MODE = wholemodule;
				SWIFT_OPTIMIZATION_LEVEL = "-O";
				VALIDATE_PRODUCT = YES;
			};
			name = Release;
		};
		0FBBDB86285728F2006C3310 /* Debug */ = {
			isa = XCBuildConfiguration;
			buildSettings = {
				ASSETCATALOG_COMPILER_APPICON_NAME = AppIcon;
				ASSETCATALOG_COMPILER_GLOBAL_ACCENT_COLOR_NAME = AccentColor;
				CODE_SIGN_STYLE = Automatic;
				CURRENT_PROJECT_VERSION = 1;
				DEVELOPMENT_ASSET_PATHS = "\"CombineLearning/Preview Content\"";
				DEVELOPMENT_TEAM = BBY7AP2J7L;
				ENABLE_PREVIEWS = YES;
				GENERATE_INFOPLIST_FILE = YES;
				INFOPLIST_KEY_UIApplicationSceneManifest_Generation = YES;
				INFOPLIST_KEY_UIApplicationSupportsIndirectInputEvents = YES;
				INFOPLIST_KEY_UILaunchScreen_Generation = YES;
				INFOPLIST_KEY_UISupportedInterfaceOrientations_iPad = "UIInterfaceOrientationPortrait UIInterfaceOrientationPortraitUpsideDown UIInterfaceOrientationLandscapeLeft UIInterfaceOrientationLandscapeRight";
				INFOPLIST_KEY_UISupportedInterfaceOrientations_iPhone = "UIInterfaceOrientationPortrait UIInterfaceOrientationLandscapeLeft UIInterfaceOrientationLandscapeRight";
				LD_RUNPATH_SEARCH_PATHS = (
					"$(inherited)",
					"@executable_path/Frameworks",
				);
				MARKETING_VERSION = 1.0;
				PRODUCT_BUNDLE_IDENTIFIER = com.bradobrain.CombineLearning;
				PRODUCT_NAME = "$(TARGET_NAME)";
				SWIFT_EMIT_LOC_STRINGS = YES;
				SWIFT_VERSION = 5.0;
				TARGETED_DEVICE_FAMILY = "1,2";
			};
			name = Debug;
		};
		0FBBDB87285728F2006C3310 /* Release */ = {
			isa = XCBuildConfiguration;
			buildSettings = {
				ASSETCATALOG_COMPILER_APPICON_NAME = AppIcon;
				ASSETCATALOG_COMPILER_GLOBAL_ACCENT_COLOR_NAME = AccentColor;
				CODE_SIGN_STYLE = Automatic;
				CURRENT_PROJECT_VERSION = 1;
				DEVELOPMENT_ASSET_PATHS = "\"CombineLearning/Preview Content\"";
				DEVELOPMENT_TEAM = BBY7AP2J7L;
				ENABLE_PREVIEWS = YES;
				GENERATE_INFOPLIST_FILE = YES;
				INFOPLIST_KEY_UIApplicationSceneManifest_Generation = YES;
				INFOPLIST_KEY_UIApplicationSupportsIndirectInputEvents = YES;
				INFOPLIST_KEY_UILaunchScreen_Generation = YES;
				INFOPLIST_KEY_UISupportedInterfaceOrientations_iPad = "UIInterfaceOrientationPortrait UIInterfaceOrientationPortraitUpsideDown UIInterfaceOrientationLandscapeLeft UIInterfaceOrientationLandscapeRight";
				INFOPLIST_KEY_UISupportedInterfaceOrientations_iPhone = "UIInterfaceOrientationPortrait UIInterfaceOrientationLandscapeLeft UIInterfaceOrientationLandscapeRight";
				LD_RUNPATH_SEARCH_PATHS = (
					"$(inherited)",
					"@executable_path/Frameworks",
				);
				MARKETING_VERSION = 1.0;
				PRODUCT_BUNDLE_IDENTIFIER = com.bradobrain.CombineLearning;
				PRODUCT_NAME = "$(TARGET_NAME)";
				SWIFT_EMIT_LOC_STRINGS = YES;
				SWIFT_VERSION = 5.0;
				TARGETED_DEVICE_FAMILY = "1,2";
			};
			name = Release;
		};
/* End XCBuildConfiguration section */

/* Begin XCConfigurationList section */
		0FBBDB72285728F0006C3310 /* Build configuration list for PBXProject "CombineLearning" */ = {
			isa = XCConfigurationList;
			buildConfigurations = (
				0FBBDB83285728F2006C3310 /* Debug */,
				0FBBDB84285728F2006C3310 /* Release */,
			);
			defaultConfigurationIsVisible = 0;
			defaultConfigurationName = Release;
		};
		0FBBDB85285728F2006C3310 /* Build configuration list for PBXNativeTarget "CombineLearning" */ = {
			isa = XCConfigurationList;
			buildConfigurations = (
				0FBBDB86285728F2006C3310 /* Debug */,
				0FBBDB87285728F2006C3310 /* Release */,
			);
			defaultConfigurationIsVisible = 0;
			defaultConfigurationName = Release;
		};
/* End XCConfigurationList section */
	};
	rootObject = 0FBBDB6F285728F0006C3310 /* Project object */;
}
